
Microsoft Visual Studio Solution File, Format Version 12.00
# Visual Studio 14
VisualStudioVersion = 14.0.25420.1
MinimumVisualStudioVersion = 10.0.40219.1
Project("{FAE04EC0-301F-11D3-BF4B-00C04F79EFBC}") = "ReceiptCalculator", "ReceiptCalculator\ReceiptCalculator.csproj", "{0039232F-0D48-412E-B368-6A6E5C1422E4}"
EndProject
Project("{FAE04EC0-301F-11D3-BF4B-00C04F79EFBC}") = "ReceiptCalculatorTest", "ReceiptCalculatorTest\ReceiptCalculatorTest.csproj", "{4FA61FBC-09CB-46EC-B574-499BA9F52F71}"
EndProject
Global
	GlobalSection(SolutionConfigurationPlatforms) = preSolution
		Debug|Any CPU = Debug|Any CPU
		Release|Any CPU = Release|Any CPU
	EndGlobalSection
	GlobalSection(ProjectConfigurationPlatforms) = postSolution
		{0039232F-0D48-412E-B368-6A6E5C1422E4}.Debug|Any CPU.ActiveCfg = Debug|Any CPU
		{0039232F-0D48-412E-B368-6A6E5C1422E4}.Debug|Any CPU.Build.0 = Debug|Any CPU
		{0039232F-0D48-412E-B368-6A6E5C1422E4}.Release|Any CPU.ActiveCfg = Release|Any CPU
		{0039232F-0D48-412E-B368-6A6E5C1422E4}.Release|Any CPU.Build.0 = Release|Any CPU
		{4FA61FBC-09CB-46EC-B574-499BA9F52F71}.Debug|Any CPU.ActiveCfg = Debug|Any CPU
		{4FA61FBC-09CB-46EC-B574-499BA9F52F71}.Debug|Any CPU.Build.0 = Debug|Any CPU
		{4FA61FBC-09CB-46EC-B574-499BA9F52F71}.Release|Any CPU.ActiveCfg = Release|Any CPU
		{4FA61FBC-09CB-46EC-B574-499BA9F52F71}.Release|Any CPU.Build.0 = Release|Any CPU
	EndGlobalSection
	GlobalSection(SolutionProperties) = preSolution
		HideSolutionNode = FALSE
	EndGlobalSection
EndGlobal
